{
    "_readme": [
        "This file locks the dependencies of your project to a known state",
        "Read more about it at https://getcomposer.org/doc/01-basic-usage.md#installing-dependencies",
        "This file is @generated automatically"
    ],
    "content-hash": "a09d31bb1c6b0bd79a5fc33e853c05e7",
    "packages": [
        {
            "name": "aldas/modbus-tcp-client",
            "version": "3.2.0",
            "source": {
                "type": "git",
                "url": "https://github.com/aldas/modbus-tcp-client.git",
                "reference": "b6c96466e1cb1ddf7f4cc8bc6433e7b192cb6b11"
            },
            "dist": {
                "type": "zip",
                "url": "https://api.github.com/repos/aldas/modbus-tcp-client/zipball/b6c96466e1cb1ddf7f4cc8bc6433e7b192cb6b11",
                "reference": "b6c96466e1cb1ddf7f4cc8bc6433e7b192cb6b11",
                "shasum": ""
            },
            "require": {
                "ext-mbstring": "*",
                "php": "^8.0"
            },
            "require-dev": {
                "phpstan/phpstan": "^1.5",
                "phpunit/phpunit": "^9.0",
                "psr/log": "^1.0",
                "react/child-process": "^0.6",
                "react/datagram": "^1.8",
                "react/socket": "^1.10"
            },
            "suggest": {
                "psr/log": "Required for using the Log middleware with BinaryStreamConnection"
            },
            "type": "library",
            "autoload": {
                "psr-4": {
                    "ModbusTcpClient\\": "src/"
                }
            },
            "notification-url": "https://packagist.org/downloads/",
            "license": [
                "Apache-2.0"
            ],
            "description": "Modbus TCP protocol client library",
            "keywords": [
                "modbus"
            ],
            "support": {
                "issues": "https://github.com/aldas/modbus-tcp-client/issues",
                "source": "https://github.com/aldas/modbus-tcp-client/tree/3.2.0"
            },
            "time": "2023-05-05T20:56:59+00:00"
        }
    ],
    "packages-dev": [],
    "aliases": [],
    "minimum-stability": "stable",
    "stability-flags": [],
    "prefer-stable": false,
    "prefer-lowest": false,
    "platform": [],
    "platform-dev": [],
    "plugin-api-version": "2.3.0"
}
